
Microsoft Visual Studio Solution File, Format Version 12.00
# Visual Studio 15
VisualStudioVersion = 15.0.28307.1684
MinimumVisualStudioVersion = 10.0.40219.1
Project("{FAE04EC0-301F-11D3-BF4B-00C04F79EFBC}") = "Cau1_GUI", "Cau1_GUI\Cau1_GUI.csproj", "{7FCED9DA-7469-4A04-8FF6-79D7BBD84971}"
EndProject
Project("{FAE04EC0-301F-11D3-BF4B-00C04F79EFBC}") = "DTO", "DTO\DTO.csproj", "{82D3F8DC-E692-4BC5-89B0-2B90DBB67A65}"
EndProject
Project("{FAE04EC0-301F-11D3-BF4B-00C04F79EFBC}") = "DAO", "DAO\DAO.csproj", "{77331F4F-2A90-471A-9BFC-855E0C0F14A5}"
EndProject
Project("{FAE04EC0-301F-11D3-BF4B-00C04F79EFBC}") = "BLL", "BLL\BLL.csproj", "{45217A59-C036-4F2B-AFD4-ADDEF598A758}"
EndProject
Global
	GlobalSection(SolutionConfigurationPlatforms) = preSolution
		Debug|Any CPU = Debug|Any CPU
		Release|Any CPU = Release|Any CPU
	EndGlobalSection
	GlobalSection(ProjectConfigurationPlatforms) = postSolution
		{7FCED9DA-7469-4A04-8FF6-79D7BBD84971}.Debug|Any CPU.ActiveCfg = Debug|Any CPU
		{7FCED9DA-7469-4A04-8FF6-79D7BBD84971}.Debug|Any CPU.Build.0 = Debug|Any CPU
		{7FCED9DA-7469-4A04-8FF6-79D7BBD84971}.Release|Any CPU.ActiveCfg = Release|Any CPU
		{7FCED9DA-7469-4A04-8FF6-79D7BBD84971}.Release|Any CPU.Build.0 = Release|Any CPU
		{82D3F8DC-E692-4BC5-89B0-2B90DBB67A65}.Debug|Any CPU.ActiveCfg = Debug|Any CPU
		{82D3F8DC-E692-4BC5-89B0-2B90DBB67A65}.Debug|Any CPU.Build.0 = Debug|Any CPU
		{82D3F8DC-E692-4BC5-89B0-2B90DBB67A65}.Release|Any CPU.ActiveCfg = Release|Any CPU
		{82D3F8DC-E692-4BC5-89B0-2B90DBB67A65}.Release|Any CPU.Build.0 = Release|Any CPU
		{77331F4F-2A90-471A-9BFC-855E0C0F14A5}.Debug|Any CPU.ActiveCfg = Debug|Any CPU
		{77331F4F-2A90-471A-9BFC-855E0C0F14A5}.Debug|Any CPU.Build.0 = Debug|Any CPU
		{77331F4F-2A90-471A-9BFC-855E0C0F14A5}.Release|Any CPU.ActiveCfg = Release|Any CPU
		{77331F4F-2A90-471A-9BFC-855E0C0F14A5}.Release|Any CPU.Build.0 = Release|Any CPU
		{45217A59-C036-4F2B-AFD4-ADDEF598A758}.Debug|Any CPU.ActiveCfg = Debug|Any CPU
		{45217A59-C036-4F2B-AFD4-ADDEF598A758}.Debug|Any CPU.Build.0 = Debug|Any CPU
		{45217A59-C036-4F2B-AFD4-ADDEF598A758}.Release|Any CPU.ActiveCfg = Release|Any CPU
		{45217A59-C036-4F2B-AFD4-ADDEF598A758}.Release|Any CPU.Build.0 = Release|Any CPU
	EndGlobalSection
	GlobalSection(SolutionProperties) = preSolution
		HideSolutionNode = FALSE
	EndGlobalSection
	GlobalSection(ExtensibilityGlobals) = postSolution
		SolutionGuid = {F952AE21-851E-41EC-A715-AFFACA986AAC}
	EndGlobalSection
EndGlobal
